
Microsoft Visual Studio Solution File, Format Version 12.00
# Visual Studio Version 17
VisualStudioVersion = 17.13.35913.81 d17.13
MinimumVisualStudioVersion = 10.0.40219.1
Project("{FAE04EC0-301F-11D3-BF4B-00C04F79EFBC}") = "EventEase", "EventEase\EventEase.csproj", "{23F27672-406D-4715-8287-E26CEAC28B7F}"
EndProject
Global
	GlobalSection(SolutionConfigurationPlatforms) = preSolution
		Debug|Any CPU = Debug|Any CPU
		Release|Any CPU = Release|Any CPU
	EndGlobalSection
	GlobalSection(ProjectConfigurationPlatforms) = postSolution
		{23F27672-406D-4715-8287-E26CEAC28B7F}.Debug|Any CPU.ActiveCfg = Debug|Any CPU
		{23F27672-406D-4715-8287-E26CEAC28B7F}.Debug|Any CPU.Build.0 = Debug|Any CPU
		{23F27672-406D-4715-8287-E26CEAC28B7F}.Release|Any CPU.ActiveCfg = Release|Any CPU
		{23F27672-406D-4715-8287-E26CEAC28B7F}.Release|Any CPU.Build.0 = Release|Any CPU
	EndGlobalSection
	GlobalSection(SolutionProperties) = preSolution
		HideSolutionNode = FALSE
	EndGlobalSection
	GlobalSection(ExtensibilityGlobals) = postSolution
		SolutionGuid = {80845858-921F-4313-9ACF-CBBADBD1B05D}
	EndGlobalSection
EndGlobal
